
Microsoft Visual Studio Solution File, Format Version 12.00
# Visual Studio Version 18
VisualStudioVersion = 18.1.11304.174
MinimumVisualStudioVersion = 10.0.40219.1
Project("{9A19103F-16F7-4668-BE54-9A1E7A4F7556}") = "Api", "Api\Api.csproj", "{6FC43F0A-BA52-42E0-9F34-4BD94F0FDA48}"
EndProject
Project("{E53339B2-1760-4266-BCC7-CA923CBCF16C}") = "docker-compose", "docker-compose.dcproj", "{62078733-1006-4CA5-9B02-1F1DEC2CA1FA}"
EndProject
Project("{9A19103F-16F7-4668-BE54-9A1E7A4F7556}") = "App", "..\App\App.csproj", "{8056FA58-E102-4BDF-9550-958C2DE9CB61}"
EndProject
Project("{FAE04EC0-301F-11D3-BF4B-00C04F79EFBC}") = "App.UnitTests", "..\App.UnitTests\App.UnitTests.csproj", "{4CF260AD-E834-52A2-A349-8D6DE3FEEBF5}"
EndProject
Project("{FAE04EC0-301F-11D3-BF4B-00C04F79EFBC}") = "App.Events", "..\App.Events\App.Events.csproj", "{42DDFDED-E4AE-467C-BA80-209AAA8140D5}"
EndProject
Project("{FAE04EC0-301F-11D3-BF4B-00C04F79EFBC}") = "Api.UnitTests", "..\Api.UnitTests\Api.UnitTests.csproj", "{9C786876-3F1B-40D5-B0B8-367CB549D73B}"
EndProject
Project("{FAE04EC0-301F-11D3-BF4B-00C04F79EFBC}") = "Api.Client", "..\Api.Client\Api.Client.csproj", "{A4E2DBE2-95E0-1F25-DA07-6839D6148BB2}"
EndProject
Global
	GlobalSection(SolutionConfigurationPlatforms) = preSolution
		Debug|Any CPU = Debug|Any CPU
		Release|Any CPU = Release|Any CPU
	EndGlobalSection
	GlobalSection(ProjectConfigurationPlatforms) = postSolution
		{6FC43F0A-BA52-42E0-9F34-4BD94F0FDA48}.Debug|Any CPU.ActiveCfg = Debug|Any CPU
		{6FC43F0A-BA52-42E0-9F34-4BD94F0FDA48}.Debug|Any CPU.Build.0 = Debug|Any CPU
		{6FC43F0A-BA52-42E0-9F34-4BD94F0FDA48}.Release|Any CPU.ActiveCfg = Release|Any CPU
		{6FC43F0A-BA52-42E0-9F34-4BD94F0FDA48}.Release|Any CPU.Build.0 = Release|Any CPU
		{62078733-1006-4CA5-9B02-1F1DEC2CA1FA}.Debug|Any CPU.ActiveCfg = Debug|Any CPU
		{62078733-1006-4CA5-9B02-1F1DEC2CA1FA}.Debug|Any CPU.Build.0 = Debug|Any CPU
		{62078733-1006-4CA5-9B02-1F1DEC2CA1FA}.Release|Any CPU.ActiveCfg = Release|Any CPU
		{62078733-1006-4CA5-9B02-1F1DEC2CA1FA}.Release|Any CPU.Build.0 = Release|Any CPU
		{8056FA58-E102-4BDF-9550-958C2DE9CB61}.Debug|Any CPU.ActiveCfg = Debug|Any CPU
		{8056FA58-E102-4BDF-9550-958C2DE9CB61}.Debug|Any CPU.Build.0 = Debug|Any CPU
		{8056FA58-E102-4BDF-9550-958C2DE9CB61}.Release|Any CPU.ActiveCfg = Release|Any CPU
		{8056FA58-E102-4BDF-9550-958C2DE9CB61}.Release|Any CPU.Build.0 = Release|Any CPU
		{4CF260AD-E834-52A2-A349-8D6DE3FEEBF5}.Debug|Any CPU.ActiveCfg = Debug|Any CPU
		{4CF260AD-E834-52A2-A349-8D6DE3FEEBF5}.Debug|Any CPU.Build.0 = Debug|Any CPU
		{4CF260AD-E834-52A2-A349-8D6DE3FEEBF5}.Release|Any CPU.ActiveCfg = Release|Any CPU
		{4CF260AD-E834-52A2-A349-8D6DE3FEEBF5}.Release|Any CPU.Build.0 = Release|Any CPU
		{42DDFDED-E4AE-467C-BA80-209AAA8140D5}.Debug|Any CPU.ActiveCfg = Debug|Any CPU
		{42DDFDED-E4AE-467C-BA80-209AAA8140D5}.Debug|Any CPU.Build.0 = Debug|Any CPU
		{42DDFDED-E4AE-467C-BA80-209AAA8140D5}.Release|Any CPU.ActiveCfg = Release|Any CPU
		{42DDFDED-E4AE-467C-BA80-209AAA8140D5}.Release|Any CPU.Build.0 = Release|Any CPU
		{9C786876-3F1B-40D5-B0B8-367CB549D73B}.Debug|Any CPU.ActiveCfg = Debug|Any CPU
		{9C786876-3F1B-40D5-B0B8-367CB549D73B}.Debug|Any CPU.Build.0 = Debug|Any CPU
		{9C786876-3F1B-40D5-B0B8-367CB549D73B}.Release|Any CPU.ActiveCfg = Release|Any CPU
		{9C786876-3F1B-40D5-B0B8-367CB549D73B}.Release|Any CPU.Build.0 = Release|Any CPU
		{A4E2DBE2-95E0-1F25-DA07-6839D6148BB2}.Debug|Any CPU.ActiveCfg = Debug|Any CPU
		{A4E2DBE2-95E0-1F25-DA07-6839D6148BB2}.Debug|Any CPU.Build.0 = Debug|Any CPU
		{A4E2DBE2-95E0-1F25-DA07-6839D6148BB2}.Release|Any CPU.ActiveCfg = Release|Any CPU
		{A4E2DBE2-95E0-1F25-DA07-6839D6148BB2}.Release|Any CPU.Build.0 = Release|Any CPU
	EndGlobalSection
	GlobalSection(SolutionProperties) = preSolution
		HideSolutionNode = FALSE
	EndGlobalSection
	GlobalSection(ExtensibilityGlobals) = postSolution
		SolutionGuid = {812E9DCD-ECC5-4C16-94C6-276A6696DE98}
	EndGlobalSection
EndGlobal
